
Microsoft Visual Studio Solution File, Format Version 12.00
# Visual Studio Version 17
VisualStudioVersion = 17.0.31903.59
MinimumVisualStudioVersion = 10.0.40219.1
Project("{FAE04EC0-301F-11D3-BF4B-00C04F79EFBC}") = "NetDroneServerImpl", "NetDroneServerImpl\NetDroneServerImpl.csproj", "{44F6F19E-6E2D-4DA5-B05B-E851D67BCDB3}"
EndProject
Project("{FAE04EC0-301F-11D3-BF4B-00C04F79EFBC}") = "NetDroneServerLib", "NetDroneServerLib\NetDroneServerLib.csproj", "{BD7113FB-62AD-4E81-B680-284D59500D0E}"
EndProject
Project("{2150E333-8FDC-42A3-9474-1A3956D46DE8}") = "NetDroneClientLib", "NetDroneClientLib", "{30D75445-F86B-023F-F9D3-9CA87DDA3A08}"
EndProject
Project("{FAE04EC0-301F-11D3-BF4B-00C04F79EFBC}") = "NetDroneClientLib", "NetDroneClient\NetDroneClientLib\NetDroneClientLib.csproj", "{A336F0AC-9A34-4C73-BA00-6B8E1A2A6B39}"
EndProject
Project("{FAE04EC0-301F-11D3-BF4B-00C04F79EFBC}") = "NetDroneClientLib.Test", "NetDroneClient\NetDroneClientLib.Test\NetDroneClientLib.Test.csproj", "{7864707A-89BE-4295-BFB4-921EC707978C}"
EndProject
Project("{FAE04EC0-301F-11D3-BF4B-00C04F79EFBC}") = "GodotDroneVisualization", "GodotDroneVisualization\GodotDroneVisualization.csproj", "{F118293D-6129-4191-B36D-DCA548A3DCB4}"
EndProject
Project("{FAE04EC0-301F-11D3-BF4B-00C04F79EFBC}") = "NetDroneServerLib.Test", "NetDroneServerLib.Test\NetDroneServerLib.Test.csproj", "{2F0F9F44-E5FB-47C1-8425-8E7ECD514BEA}"
EndProject
Global
	GlobalSection(SolutionConfigurationPlatforms) = preSolution
		Debug|Any CPU = Debug|Any CPU
		Debug|x64 = Debug|x64
		Debug|x86 = Debug|x86
		Release|Any CPU = Release|Any CPU
		Release|x64 = Release|x64
		Release|x86 = Release|x86
	EndGlobalSection
	GlobalSection(ProjectConfigurationPlatforms) = postSolution
		{44F6F19E-6E2D-4DA5-B05B-E851D67BCDB3}.Debug|Any CPU.ActiveCfg = Debug|Any CPU
		{44F6F19E-6E2D-4DA5-B05B-E851D67BCDB3}.Debug|Any CPU.Build.0 = Debug|Any CPU
		{44F6F19E-6E2D-4DA5-B05B-E851D67BCDB3}.Debug|x64.ActiveCfg = Debug|Any CPU
		{44F6F19E-6E2D-4DA5-B05B-E851D67BCDB3}.Debug|x64.Build.0 = Debug|Any CPU
		{44F6F19E-6E2D-4DA5-B05B-E851D67BCDB3}.Debug|x86.ActiveCfg = Debug|Any CPU
		{44F6F19E-6E2D-4DA5-B05B-E851D67BCDB3}.Debug|x86.Build.0 = Debug|Any CPU
		{44F6F19E-6E2D-4DA5-B05B-E851D67BCDB3}.Release|Any CPU.ActiveCfg = Release|Any CPU
		{44F6F19E-6E2D-4DA5-B05B-E851D67BCDB3}.Release|Any CPU.Build.0 = Release|Any CPU
		{44F6F19E-6E2D-4DA5-B05B-E851D67BCDB3}.Release|x64.ActiveCfg = Release|Any CPU
		{44F6F19E-6E2D-4DA5-B05B-E851D67BCDB3}.Release|x64.Build.0 = Release|Any CPU
		{44F6F19E-6E2D-4DA5-B05B-E851D67BCDB3}.Release|x86.ActiveCfg = Release|Any CPU
		{44F6F19E-6E2D-4DA5-B05B-E851D67BCDB3}.Release|x86.Build.0 = Release|Any CPU
		{BD7113FB-62AD-4E81-B680-284D59500D0E}.Debug|Any CPU.ActiveCfg = Debug|Any CPU
		{BD7113FB-62AD-4E81-B680-284D59500D0E}.Debug|Any CPU.Build.0 = Debug|Any CPU
		{BD7113FB-62AD-4E81-B680-284D59500D0E}.Debug|x64.ActiveCfg = Debug|Any CPU
		{BD7113FB-62AD-4E81-B680-284D59500D0E}.Debug|x64.Build.0 = Debug|Any CPU
		{BD7113FB-62AD-4E81-B680-284D59500D0E}.Debug|x86.ActiveCfg = Debug|Any CPU
		{BD7113FB-62AD-4E81-B680-284D59500D0E}.Debug|x86.Build.0 = Debug|Any CPU
		{BD7113FB-62AD-4E81-B680-284D59500D0E}.Release|Any CPU.ActiveCfg = Release|Any CPU
		{BD7113FB-62AD-4E81-B680-284D59500D0E}.Release|Any CPU.Build.0 = Release|Any CPU
		{BD7113FB-62AD-4E81-B680-284D59500D0E}.Release|x64.ActiveCfg = Release|Any CPU
		{BD7113FB-62AD-4E81-B680-284D59500D0E}.Release|x64.Build.0 = Release|Any CPU
		{BD7113FB-62AD-4E81-B680-284D59500D0E}.Release|x86.ActiveCfg = Release|Any CPU
		{BD7113FB-62AD-4E81-B680-284D59500D0E}.Release|x86.Build.0 = Release|Any CPU
		{A336F0AC-9A34-4C73-BA00-6B8E1A2A6B39}.Debug|Any CPU.ActiveCfg = Debug|Any CPU
		{A336F0AC-9A34-4C73-BA00-6B8E1A2A6B39}.Debug|Any CPU.Build.0 = Debug|Any CPU
		{A336F0AC-9A34-4C73-BA00-6B8E1A2A6B39}.Debug|x64.ActiveCfg = Debug|Any CPU
		{A336F0AC-9A34-4C73-BA00-6B8E1A2A6B39}.Debug|x64.Build.0 = Debug|Any CPU
		{A336F0AC-9A34-4C73-BA00-6B8E1A2A6B39}.Debug|x86.ActiveCfg = Debug|Any CPU
		{A336F0AC-9A34-4C73-BA00-6B8E1A2A6B39}.Debug|x86.Build.0 = Debug|Any CPU
		{A336F0AC-9A34-4C73-BA00-6B8E1A2A6B39}.Release|Any CPU.ActiveCfg = Release|Any CPU
		{A336F0AC-9A34-4C73-BA00-6B8E1A2A6B39}.Release|Any CPU.Build.0 = Release|Any CPU
		{A336F0AC-9A34-4C73-BA00-6B8E1A2A6B39}.Release|x64.ActiveCfg = Release|Any CPU
		{A336F0AC-9A34-4C73-BA00-6B8E1A2A6B39}.Release|x64.Build.0 = Release|Any CPU
		{A336F0AC-9A34-4C73-BA00-6B8E1A2A6B39}.Release|x86.ActiveCfg = Release|Any CPU
		{A336F0AC-9A34-4C73-BA00-6B8E1A2A6B39}.Release|x86.Build.0 = Release|Any CPU
		{7864707A-89BE-4295-BFB4-921EC707978C}.Debug|Any CPU.ActiveCfg = Debug|Any CPU
		{7864707A-89BE-4295-BFB4-921EC707978C}.Debug|Any CPU.Build.0 = Debug|Any CPU
		{7864707A-89BE-4295-BFB4-921EC707978C}.Debug|x64.ActiveCfg = Debug|Any CPU
		{7864707A-89BE-4295-BFB4-921EC707978C}.Debug|x64.Build.0 = Debug|Any CPU
		{7864707A-89BE-4295-BFB4-921EC707978C}.Debug|x86.ActiveCfg = Debug|Any CPU
		{7864707A-89BE-4295-BFB4-921EC707978C}.Debug|x86.Build.0 = Debug|Any CPU
		{7864707A-89BE-4295-BFB4-921EC707978C}.Release|Any CPU.ActiveCfg = Release|Any CPU
		{7864707A-89BE-4295-BFB4-921EC707978C}.Release|Any CPU.Build.0 = Release|Any CPU
		{7864707A-89BE-4295-BFB4-921EC707978C}.Release|x64.ActiveCfg = Release|Any CPU
		{7864707A-89BE-4295-BFB4-921EC707978C}.Release|x64.Build.0 = Release|Any CPU
		{7864707A-89BE-4295-BFB4-921EC707978C}.Release|x86.ActiveCfg = Release|Any CPU
		{7864707A-89BE-4295-BFB4-921EC707978C}.Release|x86.Build.0 = Release|Any CPU
		{F118293D-6129-4191-B36D-DCA548A3DCB4}.Debug|Any CPU.ActiveCfg = Debug|Any CPU
		{F118293D-6129-4191-B36D-DCA548A3DCB4}.Debug|Any CPU.Build.0 = Debug|Any CPU
		{F118293D-6129-4191-B36D-DCA548A3DCB4}.Debug|x64.ActiveCfg = Debug|Any CPU
		{F118293D-6129-4191-B36D-DCA548A3DCB4}.Debug|x64.Build.0 = Debug|Any CPU
		{F118293D-6129-4191-B36D-DCA548A3DCB4}.Debug|x86.ActiveCfg = Debug|Any CPU
		{F118293D-6129-4191-B36D-DCA548A3DCB4}.Debug|x86.Build.0 = Debug|Any CPU
		{F118293D-6129-4191-B36D-DCA548A3DCB4}.Release|Any CPU.ActiveCfg = Release|Any CPU
		{F118293D-6129-4191-B36D-DCA548A3DCB4}.Release|Any CPU.Build.0 = Release|Any CPU
		{F118293D-6129-4191-B36D-DCA548A3DCB4}.Release|x64.ActiveCfg = Release|Any CPU
		{F118293D-6129-4191-B36D-DCA548A3DCB4}.Release|x64.Build.0 = Release|Any CPU
		{F118293D-6129-4191-B36D-DCA548A3DCB4}.Release|x86.ActiveCfg = Release|Any CPU
		{F118293D-6129-4191-B36D-DCA548A3DCB4}.Release|x86.Build.0 = Release|Any CPU
		{2F0F9F44-E5FB-47C1-8425-8E7ECD514BEA}.Debug|Any CPU.ActiveCfg = Debug|Any CPU
		{2F0F9F44-E5FB-47C1-8425-8E7ECD514BEA}.Debug|Any CPU.Build.0 = Debug|Any CPU
		{2F0F9F44-E5FB-47C1-8425-8E7ECD514BEA}.Debug|x64.ActiveCfg = Debug|Any CPU
		{2F0F9F44-E5FB-47C1-8425-8E7ECD514BEA}.Debug|x64.Build.0 = Debug|Any CPU
		{2F0F9F44-E5FB-47C1-8425-8E7ECD514BEA}.Debug|x86.ActiveCfg = Debug|Any CPU
		{2F0F9F44-E5FB-47C1-8425-8E7ECD514BEA}.Debug|x86.Build.0 = Debug|Any CPU
		{2F0F9F44-E5FB-47C1-8425-8E7ECD514BEA}.Release|Any CPU.ActiveCfg = Release|Any CPU
		{2F0F9F44-E5FB-47C1-8425-8E7ECD514BEA}.Release|Any CPU.Build.0 = Release|Any CPU
		{2F0F9F44-E5FB-47C1-8425-8E7ECD514BEA}.Release|x64.ActiveCfg = Release|Any CPU
		{2F0F9F44-E5FB-47C1-8425-8E7ECD514BEA}.Release|x64.Build.0 = Release|Any CPU
		{2F0F9F44-E5FB-47C1-8425-8E7ECD514BEA}.Release|x86.ActiveCfg = Release|Any CPU
		{2F0F9F44-E5FB-47C1-8425-8E7ECD514BEA}.Release|x86.Build.0 = Release|Any CPU
	EndGlobalSection
	GlobalSection(SolutionProperties) = preSolution
		HideSolutionNode = FALSE
	EndGlobalSection
	GlobalSection(NestedProjects) = preSolution
		{A336F0AC-9A34-4C73-BA00-6B8E1A2A6B39} = {30D75445-F86B-023F-F9D3-9CA87DDA3A08}
		{7864707A-89BE-4295-BFB4-921EC707978C} = {30D75445-F86B-023F-F9D3-9CA87DDA3A08}
	EndGlobalSection
EndGlobal
