
Microsoft Visual Studio Solution File, Format Version 12.00
Project("{FAE04EC0-301F-11D3-BF4B-00C04F79EFBC}") = "net_drone_client", "net_drone_client\net_drone_client.csproj", "{6B2465B5-5E8C-4D35-8AD1-9D61E395447A}"
EndProject
Project("{FAE04EC0-301F-11D3-BF4B-00C04F79EFBC}") = "net_drone_client.test", "net_drone_client.test\net_drone_client.test.csproj", "{A9E41FDA-F679-4538-B646-BDD38A6D0064}"
EndProject
Global
	GlobalSection(SolutionConfigurationPlatforms) = preSolution
		Debug|Any CPU = Debug|Any CPU
		Release|Any CPU = Release|Any CPU
	EndGlobalSection
	GlobalSection(ProjectConfigurationPlatforms) = postSolution
		{6B2465B5-5E8C-4D35-8AD1-9D61E395447A}.Debug|Any CPU.ActiveCfg = Debug|Any CPU
		{6B2465B5-5E8C-4D35-8AD1-9D61E395447A}.Debug|Any CPU.Build.0 = Debug|Any CPU
		{6B2465B5-5E8C-4D35-8AD1-9D61E395447A}.Release|Any CPU.ActiveCfg = Release|Any CPU
		{6B2465B5-5E8C-4D35-8AD1-9D61E395447A}.Release|Any CPU.Build.0 = Release|Any CPU
		{A9E41FDA-F679-4538-B646-BDD38A6D0064}.Debug|Any CPU.ActiveCfg = Debug|Any CPU
		{A9E41FDA-F679-4538-B646-BDD38A6D0064}.Debug|Any CPU.Build.0 = Debug|Any CPU
		{A9E41FDA-F679-4538-B646-BDD38A6D0064}.Release|Any CPU.ActiveCfg = Release|Any CPU
		{A9E41FDA-F679-4538-B646-BDD38A6D0064}.Release|Any CPU.Build.0 = Release|Any CPU
	EndGlobalSection
EndGlobal
